PODS:
  - Capacitor (5.5.1):
    - CapacitorCordova
  - CapacitorBlobWriter (0.0.1):
    - Capacitor
    - GCDWebServer (~> 3.0)
  - CapacitorCordova (5.5.1)
  - CapacitorFilesystem (5.1.4):
    - Capacitor
  - CapacitorFirebaseAnalytics (5.2.0):
    - Capacitor
    - CapacitorFirebaseAnalytics/Lite (= 5.2.0)
  - CapacitorFirebaseAnalytics/Analytics (5.2.0):
    - Capacitor
    - FirebaseAnalytics (= 10.8.0)
  - CapacitorFirebaseAnalytics/Lite (5.2.0):
    - Capacitor
  - CapacitorFirebaseApp (5.2.0):
    - Capacitor
    - FirebaseCore (= 10.8.0)
  - CapacitorFirebaseAppCheck (5.2.0):
    - Capacitor
    - FirebaseAppCheck (= 10.8.0)
  - CapacitorFirebaseCrashlytics (5.2.0):
    - Capacitor
    - FirebaseCrashlytics (= 10.8.0)
  - CapacitorFirebasePerformance (5.2.0):
    - Capacitor
    - FirebasePerformance (= 10.8.0)
  - CapacitorKeyboard (5.0.6):
    - Capacitor
  - CapacitorShare (5.0.6):
    - Capacitor
  - CapacitorSplashScreen (5.0.6):
    - Capacitor
  - FirebaseABTesting (10.9.0):
    - FirebaseCore (~> 10.0)
  - FirebaseAnalytics (10.8.0):
    - FirebaseAnalytics/AdIdSupport (= 10.8.0)
    - FirebaseCore (~> 10.0)
    - FirebaseInstallations (~> 10.0)
    - GoogleUtilities/AppDelegateSwizzler (~> 7.8)
    - GoogleUtilities/MethodSwizzler (~> 7.8)
    - GoogleUtilities/Network (~> 7.8)
    - "GoogleUtilities/NSData+zlib (~> 7.8)"
    - nanopb (< 2.30910.0, >= 2.30908.0)
  - FirebaseAnalytics/AdIdSupport (10.8.0):
    - FirebaseCore (~> 10.0)
    - FirebaseInstallations (~> 10.0)
    - GoogleAppMeasurement (= 10.8.0)
    - GoogleUtilities/AppDelegateSwizzler (~> 7.8)
    - GoogleUtilities/MethodSwizzler (~> 7.8)
    - GoogleUtilities/Network (~> 7.8)
    - "GoogleUtilities/NSData+zlib (~> 7.8)"
    - nanopb (< 2.30910.0, >= 2.30908.0)
  - FirebaseAppCheck (10.8.0):
    - FirebaseCore (~> 10.0)
    - GoogleUtilities/Environment (~> 7.8)
    - PromisesObjC (~> 2.1)
  - FirebaseCore (10.8.0):
    - FirebaseCoreInternal (~> 10.0)
    - GoogleUtilities/Environment (~> 7.8)
    - GoogleUtilities/Logger (~> 7.8)
  - FirebaseCoreExtension (10.9.0):
    - FirebaseCore (~> 10.0)
  - FirebaseCoreInternal (10.9.0):
    - "GoogleUtilities/NSData+zlib (~> 7.8)"
  - FirebaseCrashlytics (10.8.0):
    - FirebaseCore (~> 10.5)
    - FirebaseInstallations (~> 10.0)
    - FirebaseSessions (~> 10.5)
    - GoogleDataTransport (~> 9.2)
    - GoogleUtilities/Environment (~> 7.8)
    - nanopb (< 2.30910.0, >= 2.30908.0)
    - PromisesObjC (~> 2.1)
  - FirebaseInstallations (10.9.0):
    - FirebaseCore (~> 10.0)
    - GoogleUtilities/Environment (~> 7.8)
    - GoogleUtilities/UserDefaults (~> 7.8)
    - PromisesObjC (~> 2.1)
  - FirebasePerformance (10.8.0):
    - FirebaseCore (~> 10.5)
    - FirebaseInstallations (~> 10.0)
    - FirebaseRemoteConfig (~> 10.0)
    - FirebaseSessions (~> 10.5)
    - GoogleDataTransport (~> 9.2)
    - GoogleUtilities/Environment (~> 7.8)
    - GoogleUtilities/ISASwizzler (~> 7.8)
    - GoogleUtilities/MethodSwizzler (~> 7.8)
    - nanopb (< 2.30910.0, >= 2.30908.0)
  - FirebaseRemoteConfig (10.9.0):
    - FirebaseABTesting (~> 10.0)
    - FirebaseCore (~> 10.0)
    - FirebaseInstallations (~> 10.0)
    - GoogleUtilities/Environment (~> 7.8)
    - "GoogleUtilities/NSData+zlib (~> 7.8)"
  - FirebaseSessions (10.9.0):
    - FirebaseCore (~> 10.5)
    - FirebaseCoreExtension (~> 10.0)
    - FirebaseInstallations (~> 10.0)
    - GoogleDataTransport (~> 9.2)
    - GoogleUtilities/Environment (~> 7.10)
    - nanopb (< 2.30910.0, >= 2.30908.0)
    - PromisesSwift (~> 2.1)
  - GCDWebServer (3.5.4):
    - GCDWebServer/Core (= 3.5.4)
  - GCDWebServer/Core (3.5.4)
  - GoogleAppMeasurement (10.8.0):
    - GoogleAppMeasurement/AdIdSupport (= 10.8.0)
    - GoogleUtilities/AppDelegateSwizzler (~> 7.8)
    - GoogleUtilities/MethodSwizzler (~> 7.8)
    - GoogleUtilities/Network (~> 7.8)
    - "GoogleUtilities/NSData+zlib (~> 7.8)"
    - nanopb (< 2.30910.0, >= 2.30908.0)
  - GoogleAppMeasurement/AdIdSupport (10.8.0):
    - GoogleAppMeasurement/WithoutAdIdSupport (= 10.8.0)
    - GoogleUtilities/AppDelegateSwizzler (~> 7.8)
    - GoogleUtilities/MethodSwizzler (~> 7.8)
    - GoogleUtilities/Network (~> 7.8)
    - "GoogleUtilities/NSData+zlib (~> 7.8)"
    - nanopb (< 2.30910.0, >= 2.30908.0)
  - GoogleAppMeasurement/WithoutAdIdSupport (10.8.0):
    - GoogleUtilities/AppDelegateSwizzler (~> 7.8)
    - GoogleUtilities/MethodSwizzler (~> 7.8)
    - GoogleUtilities/Network (~> 7.8)
    - "GoogleUtilities/NSData+zlib (~> 7.8)"
    - nanopb (< 2.30910.0, >= 2.30908.0)
  - GoogleDataTransport (9.2.3):
    - GoogleUtilities/Environment (~> 7.7)
    - nanopb (< 2.30910.0, >= 2.30908.0)
    - PromisesObjC (< 3.0, >= 1.2)
  - GoogleUtilities/AppDelegateSwizzler (7.11.1):
    - GoogleUtilities/Environment
    - GoogleUtilities/Logger
    - GoogleUtilities/Network
  - GoogleUtilities/Environment (7.11.1):
    - PromisesObjC (< 3.0, >= 1.2)
  - GoogleUtilities/ISASwizzler (7.11.1)
  - GoogleUtilities/Logger (7.11.1):
    - GoogleUtilities/Environment
  - GoogleUtilities/MethodSwizzler (7.11.1):
    - GoogleUtilities/Logger
  - GoogleUtilities/Network (7.11.1):
    - GoogleUtilities/Logger
    - "GoogleUtilities/NSData+zlib"
    - GoogleUtilities/Reachability
  - "GoogleUtilities/NSData+zlib (7.11.1)"
  - GoogleUtilities/Reachability (7.11.1):
    - GoogleUtilities/Logger
  - GoogleUtilities/UserDefaults (7.11.1):
    - GoogleUtilities/Logger
  - nanopb (2.30909.0):
    - nanopb/decode (= 2.30909.0)
    - nanopb/encode (= 2.30909.0)
  - nanopb/decode (2.30909.0)
  - nanopb/encode (2.30909.0)
  - PromisesObjC (2.2.0)
  - PromisesSwift (2.2.0):
    - PromisesObjC (= 2.2.0)

DEPENDENCIES:
  - "Capacitor (from `../../node_modules/@capacitor/ios`)"
  - CapacitorBlobWriter (from `../../node_modules/capacitor-blob-writer`)
  - "CapacitorCordova (from `../../node_modules/@capacitor/ios`)"
  - "CapacitorFilesystem (from `../../node_modules/@capacitor/filesystem`)"
  - "CapacitorFirebaseAnalytics (from `../../node_modules/@capacitor-firebase/analytics`)"
  - "CapacitorFirebaseAnalytics/Analytics (from `../../node_modules/@capacitor-firebase/analytics`)"
  - "CapacitorFirebaseApp (from `../../node_modules/@capacitor-firebase/app`)"
  - "CapacitorFirebaseAppCheck (from `../../node_modules/@capacitor-firebase/app-check`)"
  - "CapacitorFirebaseCrashlytics (from `../../node_modules/@capacitor-firebase/crashlytics`)"
  - "CapacitorFirebasePerformance (from `../../node_modules/@capacitor-firebase/performance`)"
  - "CapacitorKeyboard (from `../../node_modules/@capacitor/keyboard`)"
  - "CapacitorShare (from `../../node_modules/@capacitor/share`)"
  - "CapacitorSplashScreen (from `../../node_modules/@capacitor/splash-screen`)"

SPEC REPOS:
  trunk:
    - FirebaseABTesting
    - FirebaseAnalytics
    - FirebaseAppCheck
    - FirebaseCore
    - FirebaseCoreExtension
    - FirebaseCoreInternal
    - FirebaseCrashlytics
    - FirebaseInstallations
    - FirebasePerformance
    - FirebaseRemoteConfig
    - FirebaseSessions
    - GCDWebServer
    - GoogleAppMeasurement
    - GoogleDataTransport
    - GoogleUtilities
    - nanopb
    - PromisesObjC
    - PromisesSwift

EXTERNAL SOURCES:
  Capacitor:
    :path: "../../node_modules/@capacitor/ios"
  CapacitorBlobWriter:
    :path: "../../node_modules/capacitor-blob-writer"
  CapacitorCordova:
    :path: "../../node_modules/@capacitor/ios"
  CapacitorFilesystem:
    :path: "../../node_modules/@capacitor/filesystem"
  CapacitorFirebaseAnalytics:
    :path: "../../node_modules/@capacitor-firebase/analytics"
  CapacitorFirebaseApp:
    :path: "../../node_modules/@capacitor-firebase/app"
  CapacitorFirebaseAppCheck:
    :path: "../../node_modules/@capacitor-firebase/app-check"
  CapacitorFirebaseCrashlytics:
    :path: "../../node_modules/@capacitor-firebase/crashlytics"
  CapacitorFirebasePerformance:
    :path: "../../node_modules/@capacitor-firebase/performance"
  CapacitorKeyboard:
    :path: "../../node_modules/@capacitor/keyboard"
  CapacitorShare:
    :path: "../../node_modules/@capacitor/share"
  CapacitorSplashScreen:
    :path: "../../node_modules/@capacitor/splash-screen"

SPEC CHECKSUMS:
  Capacitor: 9da0a2415e3b6098511f8b5ffdb578d91ee79f8f
  CapacitorBlobWriter: 110eeaf80611f19bf01a8a05ff3672149ed0baad
  CapacitorCordova: e128cc7688c070ca0bfa439898a5f609da8dbcfe
  CapacitorFilesystem: af704badfbc69f6f8623d9ed313e5490e3723dcb
  CapacitorFirebaseAnalytics: 3755413bdeea4cf9169c4063ff621a1ab22ee9ce
  CapacitorFirebaseApp: fbdd325f8d67b7be7950b9b76d2aa3d0e1aede9d
  CapacitorFirebaseAppCheck: eba071266612be9f851d6caffed4aaa24ada4134
  CapacitorFirebaseCrashlytics: 9cdcc0bc73167468586794acc5f1c7ace34ef81a
  CapacitorFirebasePerformance: d8f715abf7317b8798a6280990d2cb0fcc431d9c
  CapacitorKeyboard: b978154b024a5f65e044908e37d15b7de58b9d12
  CapacitorShare: cd41743331cb71d217c029de54b681cbd91e0fcc
  CapacitorSplashScreen: 5fa2ab5e46cf5cc530cf16a51c80c7a986579ccd
  FirebaseABTesting: 005b70969e2817e2a1e631e8dba29134a04c0622
  FirebaseAnalytics: e1fc758bd5d71823bba970c076abee4b2450a5f4
  FirebaseAppCheck: 8bde2c5f393518ab98290151188bf196b4bab91e
  FirebaseCore: e78636a990b54be427ce300aa09a0e359f4e0e87
  FirebaseCoreExtension: d3e9bba2930a8033042112397cd9f006a1bb203d
  FirebaseCoreInternal: d2b4acb827908e72eca47a9fd896767c3053921e
  FirebaseCrashlytics: 24f41a26d1a90767278a27bef3ea9ae6d80c7016
  FirebaseInstallations: c58489c9caacdbf27d1da60891a87318e20218e0
  FirebasePerformance: 080f10f4fc55a142425381f51062d30f335c2785
  FirebaseRemoteConfig: 5ea5834e8c518f377bf1af2d97ebd611914ebf2d
  FirebaseSessions: 44a6782502eb279a214d4adca20891353278760c
  GCDWebServer: 2c156a56c8226e2d5c0c3f208a3621ccffbe3ce4
  GoogleAppMeasurement: 0ba93018e916f7badf915c2337d43cc1fa96b3f9
  GoogleDataTransport: f0308f5905a745f94fb91fea9c6cbaf3831cb1bd
  GoogleUtilities: 9aa0ad5a7bc171f8bae016300bfcfa3fb8425749
  nanopb: b552cce312b6c8484180ef47159bc0f65a1f0431
  PromisesObjC: 09985d6d70fbe7878040aa746d78236e6946d2ef
  PromisesSwift: cf9eb58666a43bbe007302226e510b16c1e10959

PODFILE CHECKSUM: d76aee4438d97af52b49960cf18e0f19851aa1ab

COCOAPODS: 1.14.2
